// !$*UTF8*$!
{
	archiveVersion = 1;
	classes = {
	};
	objectVersion = 77;
	objects = {

/* Begin PBXBuildFile section */
		0045BF8B531FEF0DDB1F9124 /* AdminJobsView.swift in Sources */ = {isa = PBXBuildFile; fileRef = 335C84814C3520D68875B751 /* AdminJobsView.swift */; };
		00F568F8A12238618AF8E4D1 /* MainTabView.swift in Sources */ = {isa = PBXBuildFile; fileRef = 634432CF67AB0314D637C764 /* MainTabView.swift */; };
		0A577EA7BFE3B623B5DDCFDF /* AuthViewModel.swift in Sources */ = {isa = PBXBuildFile; fileRef = 624A9D951B4B6DE73DCC85AC /* AuthViewModel.swift */; };
		1199A3BB2770DB3E60DEB90F /* HistoryViewModel.swift in Sources */ = {isa = PBXBuildFile; fileRef = FC0CD7D11F59CFFA7D1C99E9 /* HistoryViewModel.swift */; };
		18590DD3F3FD87D0852E2246 /* FillFormView.swift in Sources */ = {isa = PBXBuildFile; fileRef = 7517AD4E229A4FA718C9B472 /* FillFormView.swift */; };
		1F6EC3E0D073AC7EBDD55DCB /* LocationManager.swift in Sources */ = {isa = PBXBuildFile; fileRef = A63ED468888293F8D28F8694 /* LocationManager.swift */; };
		26BE4116CC7299862210E0F5 /* JobService.swift in Sources */ = {isa = PBXBuildFile; fileRef = 2D1E21F9F2B697394C37539B /* JobService.swift */; };
		2707E39FB309A95FD615A36A /* ClockView.swift in Sources */ = {isa = PBXBuildFile; fileRef = 3B8E9D8FF7FB6447DE3A4DD7 /* ClockView.swift */; };
		2B38C96808129C5B1593A06E /* JobsView.swift in Sources */ = {isa = PBXBuildFile; fileRef = 8A34BA973F12DDAF01A89FC2 /* JobsView.swift */; };
		2D8FBF1714D2FD5B771BE406 /* MessageService.swift in Sources */ = {isa = PBXBuildFile; fileRef = 70D9D97FAEC8FF3F3EE126B4 /* MessageService.swift */; };
		3087722C9E4C70B80F7450F7 /* Assets.xcassets in Resources */ = {isa = PBXBuildFile; fileRef = 20DDB9A64B2DA841ECBC08EE /* Assets.xcassets */; };
		336733E1B29400EBA90EBF8B /* TimeEntryService.swift in Sources */ = {isa = PBXBuildFile; fileRef = AEF6BDF3F5F6AB075679A546 /* TimeEntryService.swift */; };
		3BCC5FBEDA42BD6AB3B7F13E /* AddressCompleter.swift in Sources */ = {isa = PBXBuildFile; fileRef = 9CAFA55AD6379AAB600FFC05 /* AddressCompleter.swift */; };
		448D02206174073B043866D1 /* AdminFormsViewModel.swift in Sources */ = {isa = PBXBuildFile; fileRef = A585C9DE197E9A619F8A9E5E /* AdminFormsViewModel.swift */; };
		4B98E658739A4C4603D8FCF2 /* AdminTimeEntry.swift in Sources */ = {isa = PBXBuildFile; fileRef = 08DA53BCFDC4FDE8B27BDE47 /* AdminTimeEntry.swift */; };
		4C4ADC968A68EE2CC5F02C6C /* TimeEntry.swift in Sources */ = {isa = PBXBuildFile; fileRef = 1AFD89EAEEA0AF3BF6E7206B /* TimeEntry.swift */; };
		4C5D0022F34925EA55576B7C /* ClockViewModel.swift in Sources */ = {isa = PBXBuildFile; fileRef = 28A20D048D5255BA424FECEE /* ClockViewModel.swift */; };
		4D34938A8F0E14549F4BDF4E /* AdminFormsView.swift in Sources */ = {isa = PBXBuildFile; fileRef = 983949BDA5538CEA70D9FC76 /* AdminFormsView.swift */; };
		4E8C60DBC55A9C8E45B3B674 /* FormsService.swift in Sources */ = {isa = PBXBuildFile; fileRef = 9A61649D9CBDF153C1A9DD89 /* FormsService.swift */; };
		53418EE114EE1FE439784F83 /* JobsViewModel.swift in Sources */ = {isa = PBXBuildFile; fileRef = 56B04B4B1F3B24735D715B32 /* JobsViewModel.swift */; };
		553F7430ECD21A2C91A64CA1 /* MessagesView.swift in Sources */ = {isa = PBXBuildFile; fileRef = 8971C3ED32016DD5B0363684 /* MessagesView.swift */; };
		56F86F8A52698D33C49BB812 /* PrivacyInfo.xcprivacy in Resources */ = {isa = PBXBuildFile; fileRef = 8014CB64AF9250F90444FAAE /* PrivacyInfo.xcprivacy */; };
		60946C733702D9F954FB9004 /* AuthView.swift in Sources */ = {isa = PBXBuildFile; fileRef = 6348FA0B009739433ADB1013 /* AuthView.swift */; };
		67AEC8630930BDB00BA7E561 /* AdminView.swift in Sources */ = {isa = PBXBuildFile; fileRef = B508949FDD1C2094199763F4 /* AdminView.swift */; };
		6A8A29A024EB8E73A0F185A7 /* NeighborhoodGeocoder.swift in Sources */ = {isa = PBXBuildFile; fileRef = FDB38CF5058EA1EE126B46A9 /* NeighborhoodGeocoder.swift */; };
		6FFF88BC74EF629EAC1AE5E4 /* HistoryView.swift in Sources */ = {isa = PBXBuildFile; fileRef = 4E4D6160F5B6381D1CF0AA4E /* HistoryView.swift */; };
		7013EF3F538CCBC48DC6CED0 /* AdminFormDetailView.swift in Sources */ = {isa = PBXBuildFile; fileRef = 384E14FBAB3A0B6D04B08D93 /* AdminFormDetailView.swift */; };
		7331DE0FD7CB73A47ED418C1 /* CalendarViewModel.swift in Sources */ = {isa = PBXBuildFile; fileRef = 58451F3F8DDFE25A16E93B3E /* CalendarViewModel.swift */; };
		7389DFC784572461C7265B7D /* FormsViewModel.swift in Sources */ = {isa = PBXBuildFile; fileRef = 83E4FCD42A4C22D34E490D6F /* FormsViewModel.swift */; };
		7718F5944912769341BA6DCF /* ClockInApp.swift in Sources */ = {isa = PBXBuildFile; fileRef = AD78255F9C9040F9B6D268C0 /* ClockInApp.swift */; };
		8B5C6DB26F4E2C11EF49EA4F /* AppleSignIn.swift in Sources */ = {isa = PBXBuildFile; fileRef = CD6C2EDAACB45FC861953CCF /* AppleSignIn.swift */; };
		8B6C0287221AEDE4CACF862A /* AdminJobsViewModel.swift in Sources */ = {isa = PBXBuildFile; fileRef = 1F9BD21714380E9C2C61BBE9 /* AdminJobsViewModel.swift */; };
		908F0C5E7DE2CB5239B47982 /* Supabase in Frameworks */ = {isa = PBXBuildFile; productRef = 8DA30EA943900C211F46AA9D /* Supabase */; };
		938BC2839ED82F70D56509C7 /* CalendarView.swift in Sources */ = {isa = PBXBuildFile; fileRef = E047371DAFD8FA67CB9AEEC8 /* CalendarView.swift */; };
		A6084FF488B1D3741DF2E5ED /* MessagesViewModel.swift in Sources */ = {isa = PBXBuildFile; fileRef = 16A6E6BE9C1DD5959D8F113F /* MessagesViewModel.swift */; };
		A63E87D4CA59E463348396DC /* AdminViewModel.swift in Sources */ = {isa = PBXBuildFile; fileRef = 8830B82537D29CDC736E3732 /* AdminViewModel.swift */; };
		ADEF04C88FB43BD2290C5DBA /* NewMessageSheet.swift in Sources */ = {isa = PBXBuildFile; fileRef = 0A6CDE60FFA67E876C0929A4 /* NewMessageSheet.swift */; };
		B2249447ACEEB58213815474 /* SupabaseManager.swift in Sources */ = {isa = PBXBuildFile; fileRef = 6B2E7A55F1FE581804BE3338 /* SupabaseManager.swift */; };
		B76E727159379857010C364E /* PDFFormEditor.swift in Sources */ = {isa = PBXBuildFile; fileRef = BAA290085C2CB7A9FB06B335 /* PDFFormEditor.swift */; };
		BF2925CA09B8EB5DBB2F7D4A /* ThreadView.swift in Sources */ = {isa = PBXBuildFile; fileRef = 4A66D77A088ED837789E0EB6 /* ThreadView.swift */; };
		C15AC6B63CEBBE0DAED30B86 /* ThreadViewModel.swift in Sources */ = {isa = PBXBuildFile; fileRef = 6E71D53C6A745349E93CFC32 /* ThreadViewModel.swift */; };
		C2D58D9E3EAF91BDFF0FB6FC /* Job.swift in Sources */ = {isa = PBXBuildFile; fileRef = A644AD5C2D59B15708C13FBA /* Job.swift */; };
		C59F5F20ED6EDE6E444B676D /* Message.swift in Sources */ = {isa = PBXBuildFile; fileRef = 094CA90B3F0D69103C5B7758 /* Message.swift */; };
		CAB99BC0019C09F4BC0481D2 /* Secrets.swift in Sources */ = {isa = PBXBuildFile; fileRef = 816E67A20D0F48FA4BB5A2BE /* Secrets.swift */; };
		D30B39F208E31858AAD063BA /* UploadFormSheet.swift in Sources */ = {isa = PBXBuildFile; fileRef = BC5EFA8E68BFFE3496F05583 /* UploadFormSheet.swift */; };
		D5637DB949471C6AA9DC385F /* DirectDepositForm.swift in Sources */ = {isa = PBXBuildFile; fileRef = FC42F3D3DCC49FBE1476EE26 /* DirectDepositForm.swift */; };
		D6FADCD1AEF92A738AC3A755 /* FormsView.swift in Sources */ = {isa = PBXBuildFile; fileRef = 2120349F5BA9FFF8737C5F21 /* FormsView.swift */; };
		DF68CC0C5B5A922B981E18D0 /* RootView.swift in Sources */ = {isa = PBXBuildFile; fileRef = 9928373F4FEF9009617D17AB /* RootView.swift */; };
		E08C63F0D58B227D0F385D19 /* SendJobSheet.swift in Sources */ = {isa = PBXBuildFile; fileRef = 11F58A727CCA837791BCF259 /* SendJobSheet.swift */; };
		EFDE53CBA57B333FAA7E46CC /* AccountView.swift in Sources */ = {isa = PBXBuildFile; fileRef = B716BC513FAAEEC3BB3147F9 /* AccountView.swift */; };
/* End PBXBuildFile section */

/* Begin PBXFileReference section */
		080C41D0F7DAE541AD0E80D3 /* ClockIn.entitlements */ = {isa = PBXFileReference; lastKnownFileType = text.plist.entitlements; path = ClockIn.entitlements; sourceTree = "<group>"; };
		08DA53BCFDC4FDE8B27BDE47 /* AdminTimeEntry.swift */ = {isa = PBXFileReference; lastKnownFileType = sourcecode.swift; path = AdminTimeEntry.swift; sourceTree = "<group>"; };
		094CA90B3F0D69103C5B7758 /* Message.swift */ = {isa = PBXFileReference; lastKnownFileType = sourcecode.swift; path = Message.swift; sourceTree = "<group>"; };
		0A6CDE60FFA67E876C0929A4 /* NewMessageSheet.swift */ = {isa = PBXFileReference; lastKnownFileType = sourcecode.swift; path = NewMessageSheet.swift; sourceTree = "<group>"; };
		11F58A727CCA837791BCF259 /* SendJobSheet.swift */ = {isa = PBXFileReference; lastKnownFileType = sourcecode.swift; path = SendJobSheet.swift; sourceTree = "<group>"; };
		16A6E6BE9C1DD5959D8F113F /* MessagesViewModel.swift */ = {isa = PBXFileReference; lastKnownFileType = sourcecode.swift; path = MessagesViewModel.swift; sourceTree = "<group>"; };
		1AFD89EAEEA0AF3BF6E7206B /* TimeEntry.swift */ = {isa = PBXFileReference; lastKnownFileType = sourcecode.swift; path = TimeEntry.swift; sourceTree = "<group>"; };
		1F9BD21714380E9C2C61BBE9 /* AdminJobsViewModel.swift */ = {isa = PBXFileReference; lastKnownFileType = sourcecode.swift; path = AdminJobsViewModel.swift; sourceTree = "<group>"; };
		20DDB9A64B2DA841ECBC08EE /* Assets.xcassets */ = {isa = PBXFileReference; lastKnownFileType = folder.assetcatalog; path = Assets.xcassets; sourceTree = "<group>"; };
		2120349F5BA9FFF8737C5F21 /* FormsView.swift */ = {isa = PBXFileReference; lastKnownFileType = sourcecode.swift; path = FormsView.swift; sourceTree = "<group>"; };
		28A20D048D5255BA424FECEE /* ClockViewModel.swift */ = {isa = PBXFileReference; lastKnownFileType = sourcecode.swift; path = ClockViewModel.swift; sourceTree = "<group>"; };
		2D1E21F9F2B697394C37539B /* JobService.swift */ = {isa = PBXFileReference; lastKnownFileType = sourcecode.swift; path = JobService.swift; sourceTree = "<group>"; };
		335C84814C3520D68875B751 /* AdminJobsView.swift */ = {isa = PBXFileReference; lastKnownFileType = sourcecode.swift; path = AdminJobsView.swift; sourceTree = "<group>"; };
		384E14FBAB3A0B6D04B08D93 /* AdminFormDetailView.swift */ = {isa = PBXFileReference; lastKnownFileType = sourcecode.swift; path = AdminFormDetailView.swift; sourceTree = "<group>"; };
		3B8E9D8FF7FB6447DE3A4DD7 /* ClockView.swift */ = {isa = PBXFileReference; lastKnownFileType = sourcecode.swift; path = ClockView.swift; sourceTree = "<group>"; };
		4A66D77A088ED837789E0EB6 /* ThreadView.swift */ = {isa = PBXFileReference; lastKnownFileType = sourcecode.swift; path = ThreadView.swift; sourceTree = "<group>"; };
		4E4D6160F5B6381D1CF0AA4E /* HistoryView.swift */ = {isa = PBXFileReference; lastKnownFileType = sourcecode.swift; path = HistoryView.swift; sourceTree = "<group>"; };
		56B04B4B1F3B24735D715B32 /* JobsViewModel.swift */ = {isa = PBXFileReference; lastKnownFileType = sourcecode.swift; path = JobsViewModel.swift; sourceTree = "<group>"; };
		58451F3F8DDFE25A16E93B3E /* CalendarViewModel.swift */ = {isa = PBXFileReference; lastKnownFileType = sourcecode.swift; path = CalendarViewModel.swift; sourceTree = "<group>"; };
		624A9D951B4B6DE73DCC85AC /* AuthViewModel.swift */ = {isa = PBXFileReference; lastKnownFileType = sourcecode.swift; path = AuthViewModel.swift; sourceTree = "<group>"; };
		634432CF67AB0314D637C764 /* MainTabView.swift */ = {isa = PBXFileReference; lastKnownFileType = sourcecode.swift; path = MainTabView.swift; sourceTree = "<group>"; };
		6348FA0B009739433ADB1013 /* AuthView.swift */ = {isa = PBXFileReference; lastKnownFileType = sourcecode.swift; path = AuthView.swift; sourceTree = "<group>"; };
		6B2E7A55F1FE581804BE3338 /* SupabaseManager.swift */ = {isa = PBXFileReference; lastKnownFileType = sourcecode.swift; path = SupabaseManager.swift; sourceTree = "<group>"; };
		6E71D53C6A745349E93CFC32 /* ThreadViewModel.swift */ = {isa = PBXFileReference; lastKnownFileType = sourcecode.swift; path = ThreadViewModel.swift; sourceTree = "<group>"; };
		70D9D97FAEC8FF3F3EE126B4 /* MessageService.swift */ = {isa = PBXFileReference; lastKnownFileType = sourcecode.swift; path = MessageService.swift; sourceTree = "<group>"; };
		7517AD4E229A4FA718C9B472 /* FillFormView.swift */ = {isa = PBXFileReference; lastKnownFileType = sourcecode.swift; path = FillFormView.swift; sourceTree = "<group>"; };
		8014CB64AF9250F90444FAAE /* PrivacyInfo.xcprivacy */ = {isa = PBXFileReference; path = PrivacyInfo.xcprivacy; sourceTree = "<group>"; };
		816E67A20D0F48FA4BB5A2BE /* Secrets.swift */ = {isa = PBXFileReference; lastKnownFileType = sourcecode.swift; path = Secrets.swift; sourceTree = "<group>"; };
		83E4FCD42A4C22D34E490D6F /* FormsViewModel.swift */ = {isa = PBXFileReference; lastKnownFileType = sourcecode.swift; path = FormsViewModel.swift; sourceTree = "<group>"; };
		8830B82537D29CDC736E3732 /* AdminViewModel.swift */ = {isa = PBXFileReference; lastKnownFileType = sourcecode.swift; path = AdminViewModel.swift; sourceTree = "<group>"; };
		8971C3ED32016DD5B0363684 /* MessagesView.swift */ = {isa = PBXFileReference; lastKnownFileType = sourcecode.swift; path = MessagesView.swift; sourceTree = "<group>"; };
		8A34BA973F12DDAF01A89FC2 /* JobsView.swift */ = {isa = PBXFileReference; lastKnownFileType = sourcecode.swift; path = JobsView.swift; sourceTree = "<group>"; };
		983949BDA5538CEA70D9FC76 /* AdminFormsView.swift */ = {isa = PBXFileReference; lastKnownFileType = sourcecode.swift; path = AdminFormsView.swift; sourceTree = "<group>"; };
		9928373F4FEF9009617D17AB /* RootView.swift */ = {isa = PBXFileReference; lastKnownFileType = sourcecode.swift; path = RootView.swift; sourceTree = "<group>"; };
		9A61649D9CBDF153C1A9DD89 /* FormsService.swift */ = {isa = PBXFileReference; lastKnownFileType = sourcecode.swift; path = FormsService.swift; sourceTree = "<group>"; };
		9CAFA55AD6379AAB600FFC05 /* AddressCompleter.swift */ = {isa = PBXFileReference; lastKnownFileType = sourcecode.swift; path = AddressCompleter.swift; sourceTree = "<group>"; };
		A585C9DE197E9A619F8A9E5E /* AdminFormsViewModel.swift */ = {isa = PBXFileReference; lastKnownFileType = sourcecode.swift; path = AdminFormsViewModel.swift; sourceTree = "<group>"; };
		A63ED468888293F8D28F8694 /* LocationManager.swift */ = {isa = PBXFileReference; lastKnownFileType = sourcecode.swift; path = LocationManager.swift; sourceTree = "<group>"; };
		A644AD5C2D59B15708C13FBA /* Job.swift */ = {isa = PBXFileReference; lastKnownFileType = sourcecode.swift; path = Job.swift; sourceTree = "<group>"; };
		AD78255F9C9040F9B6D268C0 /* ClockInApp.swift */ = {isa = PBXFileReference; lastKnownFileType = sourcecode.swift; path = ClockInApp.swift; sourceTree = "<group>"; };
		AEF6BDF3F5F6AB075679A546 /* TimeEntryService.swift */ = {isa = PBXFileReference; lastKnownFileType = sourcecode.swift; path = TimeEntryService.swift; sourceTree = "<group>"; };
		B508949FDD1C2094199763F4 /* AdminView.swift */ = {isa = PBXFileReference; lastKnownFileType = sourcecode.swift; path = AdminView.swift; sourceTree = "<group>"; };
		B716BC513FAAEEC3BB3147F9 /* AccountView.swift */ = {isa = PBXFileReference; lastKnownFileType = sourcecode.swift; path = AccountView.swift; sourceTree = "<group>"; };
		BAA290085C2CB7A9FB06B335 /* PDFFormEditor.swift */ = {isa = PBXFileReference; lastKnownFileType = sourcecode.swift; path = PDFFormEditor.swift; sourceTree = "<group>"; };
		BC5EFA8E68BFFE3496F05583 /* UploadFormSheet.swift */ = {isa = PBXFileReference; lastKnownFileType = sourcecode.swift; path = UploadFormSheet.swift; sourceTree = "<group>"; };
		CD6C2EDAACB45FC861953CCF /* AppleSignIn.swift */ = {isa = PBXFileReference; lastKnownFileType = sourcecode.swift; path = AppleSignIn.swift; sourceTree = "<group>"; };
		DF92C3E81048008C4FE9C9BF /* ClockIn.app */ = {isa = PBXFileReference; includeInIndex = 0; lastKnownFileType = wrapper.application; path = ClockIn.app; sourceTree = BUILT_PRODUCTS_DIR; };
		E047371DAFD8FA67CB9AEEC8 /* CalendarView.swift */ = {isa = PBXFileReference; lastKnownFileType = sourcecode.swift; path = CalendarView.swift; sourceTree = "<group>"; };
		FC0CD7D11F59CFFA7D1C99E9 /* HistoryViewModel.swift */ = {isa = PBXFileReference; lastKnownFileType = sourcecode.swift; path = HistoryViewModel.swift; sourceTree = "<group>"; };
		FC42F3D3DCC49FBE1476EE26 /* DirectDepositForm.swift */ = {isa = PBXFileReference; lastKnownFileType = sourcecode.swift; path = DirectDepositForm.swift; sourceTree = "<group>"; };
		FDB38CF5058EA1EE126B46A9 /* NeighborhoodGeocoder.swift */ = {isa = PBXFileReference; lastKnownFileType = sourcecode.swift; path = NeighborhoodGeocoder.swift; sourceTree = "<group>"; };
/* End PBXFileReference section */

/* Begin PBXFrameworksBuildPhase section */
		7B2F9090E950C357ABE2148A /* Frameworks */ = {
			isa = PBXFrameworksBuildPhase;
			buildActionMask = 2147483647;
			files = (
				908F0C5E7DE2CB5239B47982 /* Supabase in Frameworks */,
			);
			runOnlyForDeploymentPostprocessing = 0;
		};
/* End PBXFrameworksBuildPhase section */

/* Begin PBXGroup section */
		05923E0A0D6616444954E000 = {
			isa = PBXGroup;
			children = (
				FACC0BD3A8E6A115B8580B02 /* ClockIn */,
				72E3D03D376E70BB3FA7A133 /* Products */,
			);
			sourceTree = "<group>";
		};
		0DC04092139D7B4EE799C967 /* Calendar */ = {
			isa = PBXGroup;
			children = (
				E047371DAFD8FA67CB9AEEC8 /* CalendarView.swift */,
				58451F3F8DDFE25A16E93B3E /* CalendarViewModel.swift */,
			);
			path = Calendar;
			sourceTree = "<group>";
		};
		2AA4F41B636E78BB8AF38450 /* Clock */ = {
			isa = PBXGroup;
			children = (
				3B8E9D8FF7FB6447DE3A4DD7 /* ClockView.swift */,
				28A20D048D5255BA424FECEE /* ClockViewModel.swift */,
				A63ED468888293F8D28F8694 /* LocationManager.swift */,
			);
			path = Clock;
			sourceTree = "<group>";
		};
		2B472EF988F51A227596F301 /* Admin */ = {
			isa = PBXGroup;
			children = (
				9CAFA55AD6379AAB600FFC05 /* AddressCompleter.swift */,
				384E14FBAB3A0B6D04B08D93 /* AdminFormDetailView.swift */,
				983949BDA5538CEA70D9FC76 /* AdminFormsView.swift */,
				A585C9DE197E9A619F8A9E5E /* AdminFormsViewModel.swift */,
				335C84814C3520D68875B751 /* AdminJobsView.swift */,
				1F9BD21714380E9C2C61BBE9 /* AdminJobsViewModel.swift */,
				08DA53BCFDC4FDE8B27BDE47 /* AdminTimeEntry.swift */,
				B508949FDD1C2094199763F4 /* AdminView.swift */,
				8830B82537D29CDC736E3732 /* AdminViewModel.swift */,
				FDB38CF5058EA1EE126B46A9 /* NeighborhoodGeocoder.swift */,
				11F58A727CCA837791BCF259 /* SendJobSheet.swift */,
				BC5EFA8E68BFFE3496F05583 /* UploadFormSheet.swift */,
			);
			path = Admin;
			sourceTree = "<group>";
		};
		2F8E1A7179D4BEE1ECC3099C /* Auth */ = {
			isa = PBXGroup;
			children = (
				B716BC513FAAEEC3BB3147F9 /* AccountView.swift */,
				CD6C2EDAACB45FC861953CCF /* AppleSignIn.swift */,
				6348FA0B009739433ADB1013 /* AuthView.swift */,
				624A9D951B4B6DE73DCC85AC /* AuthViewModel.swift */,
			);
			path = Auth;
			sourceTree = "<group>";
		};
		43EEBE3D64CA923E2ECB914D /* App */ = {
			isa = PBXGroup;
			children = (
				AD78255F9C9040F9B6D268C0 /* ClockInApp.swift */,
				634432CF67AB0314D637C764 /* MainTabView.swift */,
				9928373F4FEF9009617D17AB /* RootView.swift */,
			);
			path = App;
			sourceTree = "<group>";
		};
		4DAF7D46172432E29EFE595A /* Jobs */ = {
			isa = PBXGroup;
			children = (
				8A34BA973F12DDAF01A89FC2 /* JobsView.swift */,
				56B04B4B1F3B24735D715B32 /* JobsViewModel.swift */,
			);
			path = Jobs;
			sourceTree = "<group>";
		};
		4E01C6B9A79D07E86776987E /* Messages */ = {
			isa = PBXGroup;
			children = (
				8971C3ED32016DD5B0363684 /* MessagesView.swift */,
				16A6E6BE9C1DD5959D8F113F /* MessagesViewModel.swift */,
				0A6CDE60FFA67E876C0929A4 /* NewMessageSheet.swift */,
				4A66D77A088ED837789E0EB6 /* ThreadView.swift */,
				6E71D53C6A745349E93CFC32 /* ThreadViewModel.swift */,
			);
			path = Messages;
			sourceTree = "<group>";
		};
		6487D3B9D8B2128B58C6E208 /* Forms */ = {
			isa = PBXGroup;
			children = (
				7517AD4E229A4FA718C9B472 /* FillFormView.swift */,
				2120349F5BA9FFF8737C5F21 /* FormsView.swift */,
				83E4FCD42A4C22D34E490D6F /* FormsViewModel.swift */,
				BAA290085C2CB7A9FB06B335 /* PDFFormEditor.swift */,
			);
			path = Forms;
			sourceTree = "<group>";
		};
		6803EEA0736007C91D965C9C /* Models */ = {
			isa = PBXGroup;
			children = (
				FC42F3D3DCC49FBE1476EE26 /* DirectDepositForm.swift */,
				A644AD5C2D59B15708C13FBA /* Job.swift */,
				094CA90B3F0D69103C5B7758 /* Message.swift */,
				1AFD89EAEEA0AF3BF6E7206B /* TimeEntry.swift */,
			);
			path = Models;
			sourceTree = "<group>";
		};
		72E3D03D376E70BB3FA7A133 /* Products */ = {
			isa = PBXGroup;
			children = (
				DF92C3E81048008C4FE9C9BF /* ClockIn.app */,
			);
			name = Products;
			sourceTree = "<group>";
		};
		83B3771B5D2260245246A67F /* History */ = {
			isa = PBXGroup;
			children = (
				4E4D6160F5B6381D1CF0AA4E /* HistoryView.swift */,
				FC0CD7D11F59CFFA7D1C99E9 /* HistoryViewModel.swift */,
			);
			path = History;
			sourceTree = "<group>";
		};
		E991D6FA3AB93521361F32A8 /* Services */ = {
			isa = PBXGroup;
			children = (
				9A61649D9CBDF153C1A9DD89 /* FormsService.swift */,
				2D1E21F9F2B697394C37539B /* JobService.swift */,
				70D9D97FAEC8FF3F3EE126B4 /* MessageService.swift */,
				AEF6BDF3F5F6AB075679A546 /* TimeEntryService.swift */,
			);
			path = Services;
			sourceTree = "<group>";
		};
		FACC0BD3A8E6A115B8580B02 /* ClockIn */ = {
			isa = PBXGroup;
			children = (
				20DDB9A64B2DA841ECBC08EE /* Assets.xcassets */,
				080C41D0F7DAE541AD0E80D3 /* ClockIn.entitlements */,
				8014CB64AF9250F90444FAAE /* PrivacyInfo.xcprivacy */,
				816E67A20D0F48FA4BB5A2BE /* Secrets.swift */,
				2B472EF988F51A227596F301 /* Admin */,
				43EEBE3D64CA923E2ECB914D /* App */,
				2F8E1A7179D4BEE1ECC3099C /* Auth */,
				0DC04092139D7B4EE799C967 /* Calendar */,
				2AA4F41B636E78BB8AF38450 /* Clock */,
				6487D3B9D8B2128B58C6E208 /* Forms */,
				83B3771B5D2260245246A67F /* History */,
				4DAF7D46172432E29EFE595A /* Jobs */,
				4E01C6B9A79D07E86776987E /* Messages */,
				6803EEA0736007C91D965C9C /* Models */,
				E991D6FA3AB93521361F32A8 /* Services */,
				FBC9DC2FCA91D69AA7216556 /* Supabase */,
			);
			path = ClockIn;
			sourceTree = "<group>";
		};
		FBC9DC2FCA91D69AA7216556 /* Supabase */ = {
			isa = PBXGroup;
			children = (
				6B2E7A55F1FE581804BE3338 /* SupabaseManager.swift */,
			);
			path = Supabase;
			sourceTree = "<group>";
		};
/* End PBXGroup section */

/* Begin PBXNativeTarget section */
		07ADA9821F3FBB4B94BA9599 /* ClockIn */ = {
			isa = PBXNativeTarget;
			buildConfigurationList = 56885357E8017120D9451B55 /* Build configuration list for PBXNativeTarget "ClockIn" */;
			buildPhases = (
				CD69DD51520C32B2AEE1C8D8 /* Sources */,
				8311C4D379915015C51C7850 /* Resources */,
				7B2F9090E950C357ABE2148A /* Frameworks */,
			);
			buildRules = (
			);
			dependencies = (
			);
			name = ClockIn;
			packageProductDependencies = (
				8DA30EA943900C211F46AA9D /* Supabase */,
			);
			productName = ClockIn;
			productReference = DF92C3E81048008C4FE9C9BF /* ClockIn.app */;
			productType = "com.apple.product-type.application";
		};
/* End PBXNativeTarget section */

/* Begin PBXProject section */
		DB9D08048D090D8C1FD47388 /* Project object */ = {
			isa = PBXProject;
			attributes = {
				BuildIndependentTargetsInParallel = YES;
				LastUpgradeCheck = 1430;
				TargetAttributes = {
					07ADA9821F3FBB4B94BA9599 = {
						DevelopmentTeam = CG89RY4W6R;
					};
				};
			};
			buildConfigurationList = 159E9ECDD88241BB1F60D133 /* Build configuration list for PBXProject "ClockIn" */;
			developmentRegion = en;
			hasScannedForEncodings = 0;
			knownRegions = (
				Base,
				en,
			);
			mainGroup = 05923E0A0D6616444954E000;
			minimizedProjectReferenceProxies = 1;
			packageReferences = (
				B93EC4343BAADDC3D1946266 /* XCRemoteSwiftPackageReference "supabase-swift" */,
			);
			preferredProjectObjectVersion = 77;
			productRefGroup = 72E3D03D376E70BB3FA7A133 /* Products */;
			projectDirPath = "";
			projectRoot = "";
			targets = (
				07ADA9821F3FBB4B94BA9599 /* ClockIn */,
			);
		};
/* End PBXProject section */

/* Begin PBXResourcesBuildPhase section */
		8311C4D379915015C51C7850 /* Resources */ = {
			isa = PBXResourcesBuildPhase;
			buildActionMask = 2147483647;
			files = (
				3087722C9E4C70B80F7450F7 /* Assets.xcassets in Resources */,
				56F86F8A52698D33C49BB812 /* PrivacyInfo.xcprivacy in Resources */,
			);
			runOnlyForDeploymentPostprocessing = 0;
		};
/* End PBXResourcesBuildPhase section */

/* Begin PBXSourcesBuildPhase section */
		CD69DD51520C32B2AEE1C8D8 /* Sources */ = {
			isa = PBXSourcesBuildPhase;
			buildActionMask = 2147483647;
			files = (
				EFDE53CBA57B333FAA7E46CC /* AccountView.swift in Sources */,
				3BCC5FBEDA42BD6AB3B7F13E /* AddressCompleter.swift in Sources */,
				7013EF3F538CCBC48DC6CED0 /* AdminFormDetailView.swift in Sources */,
				4D34938A8F0E14549F4BDF4E /* AdminFormsView.swift in Sources */,
				448D02206174073B043866D1 /* AdminFormsViewModel.swift in Sources */,
				0045BF8B531FEF0DDB1F9124 /* AdminJobsView.swift in Sources */,
				8B6C0287221AEDE4CACF862A /* AdminJobsViewModel.swift in Sources */,
				4B98E658739A4C4603D8FCF2 /* AdminTimeEntry.swift in Sources */,
				67AEC8630930BDB00BA7E561 /* AdminView.swift in Sources */,
				A63E87D4CA59E463348396DC /* AdminViewModel.swift in Sources */,
				8B5C6DB26F4E2C11EF49EA4F /* AppleSignIn.swift in Sources */,
				60946C733702D9F954FB9004 /* AuthView.swift in Sources */,
				0A577EA7BFE3B623B5DDCFDF /* AuthViewModel.swift in Sources */,
				938BC2839ED82F70D56509C7 /* CalendarView.swift in Sources */,
				7331DE0FD7CB73A47ED418C1 /* CalendarViewModel.swift in Sources */,
				7718F5944912769341BA6DCF /* ClockInApp.swift in Sources */,
				2707E39FB309A95FD615A36A /* ClockView.swift in Sources */,
				4C5D0022F34925EA55576B7C /* ClockViewModel.swift in Sources */,
				D5637DB949471C6AA9DC385F /* DirectDepositForm.swift in Sources */,
				18590DD3F3FD87D0852E2246 /* FillFormView.swift in Sources */,
				4E8C60DBC55A9C8E45B3B674 /* FormsService.swift in Sources */,
				D6FADCD1AEF92A738AC3A755 /* FormsView.swift in Sources */,
				7389DFC784572461C7265B7D /* FormsViewModel.swift in Sources */,
				6FFF88BC74EF629EAC1AE5E4 /* HistoryView.swift in Sources */,
				1199A3BB2770DB3E60DEB90F /* HistoryViewModel.swift in Sources */,
				C2D58D9E3EAF91BDFF0FB6FC /* Job.swift in Sources */,
				26BE4116CC7299862210E0F5 /* JobService.swift in Sources */,
				2B38C96808129C5B1593A06E /* JobsView.swift in Sources */,
				53418EE114EE1FE439784F83 /* JobsViewModel.swift in Sources */,
				1F6EC3E0D073AC7EBDD55DCB /* LocationManager.swift in Sources */,
				00F568F8A12238618AF8E4D1 /* MainTabView.swift in Sources */,
				C59F5F20ED6EDE6E444B676D /* Message.swift in Sources */,
				2D8FBF1714D2FD5B771BE406 /* MessageService.swift in Sources */,
				553F7430ECD21A2C91A64CA1 /* MessagesView.swift in Sources */,
				A6084FF488B1D3741DF2E5ED /* MessagesViewModel.swift in Sources */,
				6A8A29A024EB8E73A0F185A7 /* NeighborhoodGeocoder.swift in Sources */,
				ADEF04C88FB43BD2290C5DBA /* NewMessageSheet.swift in Sources */,
				B76E727159379857010C364E /* PDFFormEditor.swift in Sources */,
				DF68CC0C5B5A922B981E18D0 /* RootView.swift in Sources */,
				CAB99BC0019C09F4BC0481D2 /* Secrets.swift in Sources */,
				E08C63F0D58B227D0F385D19 /* SendJobSheet.swift in Sources */,
				B2249447ACEEB58213815474 /* SupabaseManager.swift in Sources */,
				BF2925CA09B8EB5DBB2F7D4A /* ThreadView.swift in Sources */,
				C15AC6B63CEBBE0DAED30B86 /* ThreadViewModel.swift in Sources */,
				4C4ADC968A68EE2CC5F02C6C /* TimeEntry.swift in Sources */,
				336733E1B29400EBA90EBF8B /* TimeEntryService.swift in Sources */,
				D30B39F208E31858AAD063BA /* UploadFormSheet.swift in Sources */,
			);
			runOnlyForDeploymentPostprocessing = 0;
		};
/* End PBXSourcesBuildPhase section */

/* Begin XCBuildConfiguration section */
		655652AF020C0E16A9469EF7 /* Debug */ = {
			isa = XCBuildConfiguration;
			buildSettings = {
				ASSETCATALOG_COMPILER_APPICON_NAME = AppIcon;
				CODE_SIGN_ENTITLEMENTS = ClockIn/ClockIn.entitlements;
				CODE_SIGN_IDENTITY = "iPhone Developer";
				CURRENT_PROJECT_VERSION = 1;
				GENERATE_INFOPLIST_FILE = YES;
				INFOPLIST_KEY_ITSAppUsesNonExemptEncryption = NO;
				INFOPLIST_KEY_NSLocationWhenInUseUsageDescription = "Clock In uses your location to record where you clocked in and out.";
				INFOPLIST_KEY_UIApplicationSceneManifest_Generation = YES;
				INFOPLIST_KEY_UIApplicationSupportsIndirectInputEvents = YES;
				INFOPLIST_KEY_UILaunchScreen_Generation = YES;
				INFOPLIST_KEY_UISupportedInterfaceOrientations_iPad = "UIInterfaceOrientationPortrait UIInterfaceOrientationPortraitUpsideDown UIInterfaceOrientationLandscapeLeft UIInterfaceOrientationLandscapeRight";
				INFOPLIST_KEY_UISupportedInterfaceOrientations_iPhone = "UIInterfaceOrientationPortrait UIInterfaceOrientationLandscapeLeft UIInterfaceOrientationLandscapeRight";
				LD_RUNPATH_SEARCH_PATHS = (
					"$(inherited)",
					"@executable_path/Frameworks",
				);
				MARKETING_VERSION = 1.1;
				PRODUCT_BUNDLE_IDENTIFIER = com.divinedavis.ClockIn;
				SDKROOT = iphoneos;
				TARGETED_DEVICE_FAMILY = "1,2";
			};
			name = Debug;
		};
		9E1AFF92FC88013FBF6E75C9 /* Release */ = {
			isa = XCBuildConfiguration;
			buildSettings = {
				ASSETCATALOG_COMPILER_APPICON_NAME = AppIcon;
				CODE_SIGN_ENTITLEMENTS = ClockIn/ClockIn.entitlements;
				CODE_SIGN_IDENTITY = "iPhone Developer";
				CURRENT_PROJECT_VERSION = 1;
				GENERATE_INFOPLIST_FILE = YES;
				INFOPLIST_KEY_ITSAppUsesNonExemptEncryption = NO;
				INFOPLIST_KEY_NSLocationWhenInUseUsageDescription = "Clock In uses your location to record where you clocked in and out.";
				INFOPLIST_KEY_UIApplicationSceneManifest_Generation = YES;
				INFOPLIST_KEY_UIApplicationSupportsIndirectInputEvents = YES;
				INFOPLIST_KEY_UILaunchScreen_Generation = YES;
				INFOPLIST_KEY_UISupportedInterfaceOrientations_iPad = "UIInterfaceOrientationPortrait UIInterfaceOrientationPortraitUpsideDown UIInterfaceOrientationLandscapeLeft UIInterfaceOrientationLandscapeRight";
				INFOPLIST_KEY_UISupportedInterfaceOrientations_iPhone = "UIInterfaceOrientationPortrait UIInterfaceOrientationLandscapeLeft UIInterfaceOrientationLandscapeRight";
				LD_RUNPATH_SEARCH_PATHS = (
					"$(inherited)",
					"@executable_path/Frameworks",
				);
				MARKETING_VERSION = 1.1;
				PRODUCT_BUNDLE_IDENTIFIER = com.divinedavis.ClockIn;
				SDKROOT = iphoneos;
				TARGETED_DEVICE_FAMILY = "1,2";
			};
			name = Release;
		};
		A114A7B9F1DDDBC940D23BAC /* Release */ = {
			isa = XCBuildConfiguration;
			buildSettings = {
				ALWAYS_SEARCH_USER_PATHS = NO;
				CLANG_ANALYZER_NONNULL = YES;
				CLANG_ANALYZER_NUMBER_OBJECT_CONVERSION = YES_AGGRESSIVE;
				CLANG_CXX_LANGUAGE_STANDARD = "gnu++14";
				CLANG_CXX_LIBRARY = "libc++";
				CLANG_ENABLE_MODULES = YES;
				CLANG_ENABLE_OBJC_ARC = YES;
				CLANG_ENABLE_OBJC_WEAK = YES;
				CLANG_WARN_BLOCK_CAPTURE_AUTORELEASING = YES;
				CLANG_WARN_BOOL_CONVERSION = YES;
				CLANG_WARN_COMMA = YES;
				CLANG_WARN_CONSTANT_CONVERSION = YES;
				CLANG_WARN_DEPRECATED_OBJC_IMPLEMENTATIONS = YES;
				CLANG_WARN_DIRECT_OBJC_ISA_USAGE = YES_ERROR;
				CLANG_WARN_DOCUMENTATION_COMMENTS = YES;
				CLANG_WARN_EMPTY_BODY = YES;
				CLANG_WARN_ENUM_CONVERSION = YES;
				CLANG_WARN_INFINITE_RECURSION = YES;
				CLANG_WARN_INT_CONVERSION = YES;
				CLANG_WARN_NON_LITERAL_NULL_CONVERSION = YES;
				CLANG_WARN_OBJC_IMPLICIT_RETAIN_SELF = YES;
				CLANG_WARN_OBJC_LITERAL_CONVERSION = YES;
				CLANG_WARN_OBJC_ROOT_CLASS = YES_ERROR;
				CLANG_WARN_QUOTED_INCLUDE_IN_FRAMEWORK_HEADER = YES;
				CLANG_WARN_RANGE_LOOP_ANALYSIS = YES;
				CLANG_WARN_STRICT_PROTOTYPES = YES;
				CLANG_WARN_SUSPICIOUS_MOVE = YES;
				CLANG_WARN_UNGUARDED_AVAILABILITY = YES_AGGRESSIVE;
				CLANG_WARN_UNREACHABLE_CODE = YES;
				CLANG_WARN__DUPLICATE_METHOD_MATCH = YES;
				COPY_PHASE_STRIP = NO;
				DEBUG_INFORMATION_FORMAT = "dwarf-with-dsym";
				DEVELOPMENT_TEAM = CG89RY4W6R;
				ENABLE_NS_ASSERTIONS = NO;
				ENABLE_STRICT_OBJC_MSGSEND = YES;
				GCC_C_LANGUAGE_STANDARD = gnu11;
				GCC_NO_COMMON_BLOCKS = YES;
				GCC_WARN_64_TO_32_BIT_CONVERSION = YES;
				GCC_WARN_ABOUT_RETURN_TYPE = YES_ERROR;
				GCC_WARN_UNDECLARED_SELECTOR = YES;
				GCC_WARN_UNINITIALIZED_AUTOS = YES_AGGRESSIVE;
				GCC_WARN_UNUSED_FUNCTION = YES;
				GCC_WARN_UNUSED_VARIABLE = YES;
				IPHONEOS_DEPLOYMENT_TARGET = 17.0;
				MTL_ENABLE_DEBUG_INFO = NO;
				MTL_FAST_MATH = YES;
				PRODUCT_NAME = "$(TARGET_NAME)";
				SDKROOT = iphoneos;
				SWIFT_COMPILATION_MODE = wholemodule;
				SWIFT_OPTIMIZATION_LEVEL = "-O";
				SWIFT_VERSION = 5.9;
			};
			name = Release;
		};
		EC7B0C5EDFD1390F55E41A99 /* Debug */ = {
			isa = XCBuildConfiguration;
			buildSettings = {
				ALWAYS_SEARCH_USER_PATHS = NO;
				CLANG_ANALYZER_NONNULL = YES;
				CLANG_ANALYZER_NUMBER_OBJECT_CONVERSION = YES_AGGRESSIVE;
				CLANG_CXX_LANGUAGE_STANDARD = "gnu++14";
				CLANG_CXX_LIBRARY = "libc++";
				CLANG_ENABLE_MODULES = YES;
				CLANG_ENABLE_OBJC_ARC = YES;
				CLANG_ENABLE_OBJC_WEAK = YES;
				CLANG_WARN_BLOCK_CAPTURE_AUTORELEASING = YES;
				CLANG_WARN_BOOL_CONVERSION = YES;
				CLANG_WARN_COMMA = YES;
				CLANG_WARN_CONSTANT_CONVERSION = YES;
				CLANG_WARN_DEPRECATED_OBJC_IMPLEMENTATIONS = YES;
				CLANG_WARN_DIRECT_OBJC_ISA_USAGE = YES_ERROR;
				CLANG_WARN_DOCUMENTATION_COMMENTS = YES;
				CLANG_WARN_EMPTY_BODY = YES;
				CLANG_WARN_ENUM_CONVERSION = YES;
				CLANG_WARN_INFINITE_RECURSION = YES;
				CLANG_WARN_INT_CONVERSION = YES;
				CLANG_WARN_NON_LITERAL_NULL_CONVERSION = YES;
				CLANG_WARN_OBJC_IMPLICIT_RETAIN_SELF = YES;
				CLANG_WARN_OBJC_LITERAL_CONVERSION = YES;
				CLANG_WARN_OBJC_ROOT_CLASS = YES_ERROR;
				CLANG_WARN_QUOTED_INCLUDE_IN_FRAMEWORK_HEADER = YES;
				CLANG_WARN_RANGE_LOOP_ANALYSIS = YES;
				CLANG_WARN_STRICT_PROTOTYPES = YES;
				CLANG_WARN_SUSPICIOUS_MOVE = YES;
				CLANG_WARN_UNGUARDED_AVAILABILITY = YES_AGGRESSIVE;
				CLANG_WARN_UNREACHABLE_CODE = YES;
				CLANG_WARN__DUPLICATE_METHOD_MATCH = YES;
				COPY_PHASE_STRIP = NO;
				DEBUG_INFORMATION_FORMAT = dwarf;
				DEVELOPMENT_TEAM = CG89RY4W6R;
				ENABLE_STRICT_OBJC_MSGSEND = YES;
				ENABLE_TESTABILITY = YES;
				GCC_C_LANGUAGE_STANDARD = gnu11;
				GCC_DYNAMIC_NO_PIC = NO;
				GCC_NO_COMMON_BLOCKS = YES;
				GCC_OPTIMIZATION_LEVEL = 0;
				GCC_PREPROCESSOR_DEFINITIONS = (
					"$(inherited)",
					"DEBUG=1",
				);
				GCC_WARN_64_TO_32_BIT_CONVERSION = YES;
				GCC_WARN_ABOUT_RETURN_TYPE = YES_ERROR;
				GCC_WARN_UNDECLARED_SELECTOR = YES;
				GCC_WARN_UNINITIALIZED_AUTOS = YES_AGGRESSIVE;
				GCC_WARN_UNUSED_FUNCTION = YES;
				GCC_WARN_UNUSED_VARIABLE = YES;
				IPHONEOS_DEPLOYMENT_TARGET = 17.0;
				MTL_ENABLE_DEBUG_INFO = INCLUDE_SOURCE;
				MTL_FAST_MATH = YES;
				ONLY_ACTIVE_ARCH = YES;
				PRODUCT_NAME = "$(TARGET_NAME)";
				SDKROOT = iphoneos;
				SWIFT_ACTIVE_COMPILATION_CONDITIONS = DEBUG;
				SWIFT_OPTIMIZATION_LEVEL = "-Onone";
				SWIFT_VERSION = 5.9;
			};
			name = Debug;
		};
/* End XCBuildConfiguration section */

/* Begin XCConfigurationList section */
		159E9ECDD88241BB1F60D133 /* Build configuration list for PBXProject "ClockIn" */ = {
			isa = XCConfigurationList;
			buildConfigurations = (
				EC7B0C5EDFD1390F55E41A99 /* Debug */,
				A114A7B9F1DDDBC940D23BAC /* Release */,
			);
			defaultConfigurationIsVisible = 0;
			defaultConfigurationName = Debug;
		};
		56885357E8017120D9451B55 /* Build configuration list for PBXNativeTarget "ClockIn" */ = {
			isa = XCConfigurationList;
			buildConfigurations = (
				655652AF020C0E16A9469EF7 /* Debug */,
				9E1AFF92FC88013FBF6E75C9 /* Release */,
			);
			defaultConfigurationIsVisible = 0;
			defaultConfigurationName = Debug;
		};
/* End XCConfigurationList section */

/* Begin XCRemoteSwiftPackageReference section */
		B93EC4343BAADDC3D1946266 /* XCRemoteSwiftPackageReference "supabase-swift" */ = {
			isa = XCRemoteSwiftPackageReference;
			repositoryURL = "https://github.com/supabase/supabase-swift";
			requirement = {
				kind = upToNextMajorVersion;
				minimumVersion = 2.0.0;
			};
		};
/* End XCRemoteSwiftPackageReference section */

/* Begin XCSwiftPackageProductDependency section */
		8DA30EA943900C211F46AA9D /* Supabase */ = {
			isa = XCSwiftPackageProductDependency;
			package = B93EC4343BAADDC3D1946266 /* XCRemoteSwiftPackageReference "supabase-swift" */;
			productName = Supabase;
		};
/* End XCSwiftPackageProductDependency section */
	};
	rootObject = DB9D08048D090D8C1FD47388 /* Project object */;
}
